
Microsoft Visual Studio Solution File, Format Version 12.00
# Visual Studio Version 17
VisualStudioVersion = 17.0.32014.148
MinimumVisualStudioVersion = 10.0.40219.1
Project("{FAE04EC0-301F-11D3-BF4B-00C04F79EFBC}") = "Ahorro_PrestamosFinal", "Ahorro_PrestamosFinal\Ahorro_PrestamosFinal.csproj", "{77D2E1D2-F4AB-4FD1-8553-F2335CD5BD24}"
EndProject
Global
	GlobalSection(SolutionConfigurationPlatforms) = preSolution
		Debug|Any CPU = Debug|Any CPU
		Release|Any CPU = Release|Any CPU
	EndGlobalSection
	GlobalSection(ProjectConfigurationPlatforms) = postSolution
		{77D2E1D2-F4AB-4FD1-8553-F2335CD5BD24}.Debug|Any CPU.ActiveCfg = Debug|Any CPU
		{77D2E1D2-F4AB-4FD1-8553-F2335CD5BD24}.Debug|Any CPU.Build.0 = Debug|Any CPU
		{77D2E1D2-F4AB-4FD1-8553-F2335CD5BD24}.Release|Any CPU.ActiveCfg = Release|Any CPU
		{77D2E1D2-F4AB-4FD1-8553-F2335CD5BD24}.Release|Any CPU.Build.0 = Release|Any CPU
	EndGlobalSection
	GlobalSection(SolutionProperties) = preSolution
		HideSolutionNode = FALSE
	EndGlobalSection
	GlobalSection(ExtensibilityGlobals) = postSolution
		SolutionGuid = {DEEECBF2-F369-4A26-8BE6-4ED70A5B4263}
	EndGlobalSection
EndGlobal
